
Microsoft Visual Studio Solution File, Format Version 12.00
Project("{FAE04EC0-301F-11D3-BF4B-00C04F79EFBC}") = "NodeShapeBuilder", "NodeShapeBuilder.csproj", "{FC501658-D9DB-4E17-AAEF-E0097128D520}"
EndProject
Project("{FAE04EC0-301F-11D3-BF4B-00C04F79EFBC}") = "Eto", "..\..\src\Eto\Eto.csproj", "{BD0C398A-57C2-40B3-9FE8-0B7F30994D41}"
EndProject
Project("{FAE04EC0-301F-11D3-BF4B-00C04F79EFBC}") = "Eto.Gtk", "..\..\src\Eto.Gtk\Eto.Gtk.csproj", "{4B53E005-7720-4156-BB5D-1DBDD99EFC97}"
EndProject
Global
	GlobalSection(SolutionConfigurationPlatforms) = preSolution
		Debug|Any CPU = Debug|Any CPU
		Release|Any CPU = Release|Any CPU
	EndGlobalSection
	GlobalSection(ProjectConfigurationPlatforms) = postSolution
		{FC501658-D9DB-4E17-AAEF-E0097128D520}.Debug|Any CPU.ActiveCfg = Debug|Any CPU
		{FC501658-D9DB-4E17-AAEF-E0097128D520}.Debug|Any CPU.Build.0 = Debug|Any CPU
		{FC501658-D9DB-4E17-AAEF-E0097128D520}.Release|Any CPU.ActiveCfg = Release|Any CPU
		{FC501658-D9DB-4E17-AAEF-E0097128D520}.Release|Any CPU.Build.0 = Release|Any CPU
		{BD0C398A-57C2-40B3-9FE8-0B7F30994D41}.Debug|Any CPU.ActiveCfg = Debug|Any CPU
		{BD0C398A-57C2-40B3-9FE8-0B7F30994D41}.Debug|Any CPU.Build.0 = Debug|Any CPU
		{BD0C398A-57C2-40B3-9FE8-0B7F30994D41}.Release|Any CPU.ActiveCfg = Release|Any CPU
		{BD0C398A-57C2-40B3-9FE8-0B7F30994D41}.Release|Any CPU.Build.0 = Release|Any CPU
		{4B53E005-7720-4156-BB5D-1DBDD99EFC97}.Debug|Any CPU.ActiveCfg = Debug|Any CPU
		{4B53E005-7720-4156-BB5D-1DBDD99EFC97}.Debug|Any CPU.Build.0 = Debug|Any CPU
		{4B53E005-7720-4156-BB5D-1DBDD99EFC97}.Release|Any CPU.ActiveCfg = Release|Any CPU
		{4B53E005-7720-4156-BB5D-1DBDD99EFC97}.Release|Any CPU.Build.0 = Release|Any CPU
	EndGlobalSection
EndGlobal
